
Microsoft Visual Studio Solution File, Format Version 12.00
# Visual Studio Version 16
VisualStudioVersion = 16.0.29905.134
MinimumVisualStudioVersion = 10.0.40219.1
Project("{FAE04EC0-301F-11D3-BF4B-00C04F79EFBC}") = "StopWatch", "StopWatch\StopWatch.csproj", "{12AD837D-5B41-4F2F-A563-BB5ADCBBA308}"
EndProject
Global
	GlobalSection(SolutionConfigurationPlatforms) = preSolution
		Debug|Any CPU = Debug|Any CPU
		Release|Any CPU = Release|Any CPU
	EndGlobalSection
	GlobalSection(ProjectConfigurationPlatforms) = postSolution
		{12AD837D-5B41-4F2F-A563-BB5ADCBBA308}.Debug|Any CPU.ActiveCfg = Debug|Any CPU
		{12AD837D-5B41-4F2F-A563-BB5ADCBBA308}.Debug|Any CPU.Build.0 = Debug|Any CPU
		{12AD837D-5B41-4F2F-A563-BB5ADCBBA308}.Release|Any CPU.ActiveCfg = Release|Any CPU
		{12AD837D-5B41-4F2F-A563-BB5ADCBBA308}.Release|Any CPU.Build.0 = Release|Any CPU
	EndGlobalSection
	GlobalSection(SolutionProperties) = preSolution
		HideSolutionNode = FALSE
	EndGlobalSection
	GlobalSection(ExtensibilityGlobals) = postSolution
		SolutionGuid = {82A1599E-8311-40B7-A7FE-B84A49BA10B4}
	EndGlobalSection
EndGlobal
