
Microsoft Visual Studio Solution File, Format Version 12.00
# Visual Studio Version 16
VisualStudioVersion = 16.0.29905.134
MinimumVisualStudioVersion = 10.0.40219.1
Project("{FAE04EC0-301F-11D3-BF4B-00C04F79EFBC}") = "LINQ_CAR", "LINQ_CAR\LINQ_CAR.csproj", "{76550093-972B-48A7-AE85-5D5CED864685}"
EndProject
Global
	GlobalSection(SolutionConfigurationPlatforms) = preSolution
		Debug|Any CPU = Debug|Any CPU
		Release|Any CPU = Release|Any CPU
	EndGlobalSection
	GlobalSection(ProjectConfigurationPlatforms) = postSolution
		{76550093-972B-48A7-AE85-5D5CED864685}.Debug|Any CPU.ActiveCfg = Debug|Any CPU
		{76550093-972B-48A7-AE85-5D5CED864685}.Debug|Any CPU.Build.0 = Debug|Any CPU
		{76550093-972B-48A7-AE85-5D5CED864685}.Release|Any CPU.ActiveCfg = Release|Any CPU
		{76550093-972B-48A7-AE85-5D5CED864685}.Release|Any CPU.Build.0 = Release|Any CPU
	EndGlobalSection
	GlobalSection(SolutionProperties) = preSolution
		HideSolutionNode = FALSE
	EndGlobalSection
	GlobalSection(ExtensibilityGlobals) = postSolution
		SolutionGuid = {704D7FFB-0175-4752-870E-2DD3F8CCB97B}
	EndGlobalSection
EndGlobal
